// !$*UTF8*$!
{
	archiveVersion = 1;
	classes = {
	};
	objectVersion = 46;
	objects = {

/* Begin PBXBuildFile section */
		B38F94F27B8FCEB02508BC70 /* Pods.framework in Frameworks */ = {isa = PBXBuildFile; fileRef = 3711F7B8CE8BA82B9BAC25F2 /* Pods.framework */; };
		F701F8AF1BE6EC3E0088ECFB /* ColdQuotes+CoreDataProperties.swift in Sources */ = {isa = PBXBuildFile; fileRef = F701F8AB1BE6EC3E0088ECFB /* ColdQuotes+CoreDataProperties.swift */; };
		F701F8B01BE6EC3E0088ECFB /* ColdQuotes.swift in Sources */ = {isa = PBXBuildFile; fileRef = F701F8AC1BE6EC3E0088ECFB /* ColdQuotes.swift */; };
		F701F8B11BE6EC3E0088ECFB /* HotQuotes+CoreDataProperties.swift in Sources */ = {isa = PBXBuildFile; fileRef = F701F8AD1BE6EC3E0088ECFB /* HotQuotes+CoreDataProperties.swift */; };
		F701F8B21BE6EC3E0088ECFB /* HotQuotes.swift in Sources */ = {isa = PBXBuildFile; fileRef = F701F8AE1BE6EC3E0088ECFB /* HotQuotes.swift */; };
		F701F8B61BE6F8340088ECFB /* Hot.csv in Resources */ = {isa = PBXBuildFile; fileRef = F701F8B51BE6F8340088ECFB /* Hot.csv */; };
		F701F8B81BE6FFE90088ECFB /* Cold.csv in Resources */ = {isa = PBXBuildFile; fileRef = F701F8B71BE6FFE90088ECFB /* Cold.csv */; };
		F74376C01B863FD9004BBCC5 /* SearchTableViewController.swift in Sources */ = {isa = PBXBuildFile; fileRef = F74376BF1B863FD9004BBCC5 /* SearchTableViewController.swift */; };
		F74376C41B86DCFA004BBCC5 /* YourCitiesTableViewController.swift in Sources */ = {isa = PBXBuildFile; fileRef = F74376C31B86DCFA004BBCC5 /* YourCitiesTableViewController.swift */; };
		F7C872371BE6999A0036C37C /* YourCitiesViewController.swift in Sources */ = {isa = PBXBuildFile; fileRef = F7C872361BE6999A0036C37C /* YourCitiesViewController.swift */; };
		F7CAA5BA1B97723E00FD748E /* DegreeLabel.swift in Sources */ = {isa = PBXBuildFile; fileRef = F7CAA5B91B97723E00FD748E /* DegreeLabel.swift */; };
		F7CB34381BA357B3004F6CC3 /* ContainerViewController.swift in Sources */ = {isa = PBXBuildFile; fileRef = F7CB34371BA357B3004F6CC3 /* ContainerViewController.swift */; };
		F7CB343C1BA3E4D3004F6CC3 /* City.swift in Sources */ = {isa = PBXBuildFile; fileRef = F7CB343B1BA3E4D3004F6CC3 /* City.swift */; };
		F7CE13571B88F01A001E16FA /* ParentViewController.swift in Sources */ = {isa = PBXBuildFile; fileRef = F7CE13561B88F01A001E16FA /* ParentViewController.swift */; };
		F7D1D1FC1B82664200722A1C /* AppDelegate.swift in Sources */ = {isa = PBXBuildFile; fileRef = F7D1D1FB1B82664200722A1C /* AppDelegate.swift */; };
		F7D1D1FF1B82664200722A1C /* QuoteWeatherApp.xcdatamodeld in Sources */ = {isa = PBXBuildFile; fileRef = F7D1D1FD1B82664200722A1C /* QuoteWeatherApp.xcdatamodeld */; };
		F7D1D2011B82664200722A1C /* ViewController.swift in Sources */ = {isa = PBXBuildFile; fileRef = F7D1D2001B82664200722A1C /* ViewController.swift */; };
		F7D1D2041B82664200722A1C /* Main.storyboard in Resources */ = {isa = PBXBuildFile; fileRef = F7D1D2021B82664200722A1C /* Main.storyboard */; };
		F7D1D2061B82664200722A1C /* Images.xcassets in Resources */ = {isa = PBXBuildFile; fileRef = F7D1D2051B82664200722A1C /* Images.xcassets */; };
		F7D1D2091B82664200722A1C /* LaunchScreen.xib in Resources */ = {isa = PBXBuildFile; fileRef = F7D1D2071B82664200722A1C /* LaunchScreen.xib */; };
		F7D1D2151B82664200722A1C /* QuoteWeatherAppTests.swift in Sources */ = {isa = PBXBuildFile; fileRef = F7D1D2141B82664200722A1C /* QuoteWeatherAppTests.swift */; };
		F7D1D2231B830BB700722A1C /* CityInfo.swift in Sources */ = {isa = PBXBuildFile; fileRef = F7D1D2221B830BB700722A1C /* CityInfo.swift */; };
		F7EA21B71BE31EA4005312FA /* OpenWeatherCity.swift in Sources */ = {isa = PBXBuildFile; fileRef = F7EA21B61BE31EA4005312FA /* OpenWeatherCity.swift */; };
/* End PBXBuildFile section */

/* Begin PBXContainerItemProxy section */
		F7D1D20F1B82664200722A1C /* PBXContainerItemProxy */ = {
			isa = PBXContainerItemProxy;
			containerPortal = F7D1D1EE1B82664200722A1C /* Project object */;
			proxyType = 1;
			remoteGlobalIDString = F7D1D1F51B82664200722A1C;
			remoteInfo = QuoteWeatherApp;
		};
/* End PBXContainerItemProxy section */

/* Begin PBXFileReference section */
		3711F7B8CE8BA82B9BAC25F2 /* Pods.framework */ = {isa = PBXFileReference; explicitFileType = wrapper.framework; includeInIndex = 0; path = Pods.framework; sourceTree = BUILT_PRODUCTS_DIR; };
		6F8C06DB8B670245A8990E33 /* Pods.debug.xcconfig */ = {isa = PBXFileReference; includeInIndex = 1; lastKnownFileType = text.xcconfig; name = Pods.debug.xcconfig; path = "Pods/Target Support Files/Pods/Pods.debug.xcconfig"; sourceTree = "<group>"; };
		C36D4B4AEF16CDC9EF675B9F /* Pods.release.xcconfig */ = {isa = PBXFileReference; includeInIndex = 1; lastKnownFileType = text.xcconfig; name = Pods.release.xcconfig; path = "Pods/Target Support Files/Pods/Pods.release.xcconfig"; sourceTree = "<group>"; };
		F701F8AB1BE6EC3E0088ECFB /* ColdQuotes+CoreDataProperties.swift */ = {isa = PBXFileReference; fileEncoding = 4; lastKnownFileType = sourcecode.swift; path = "ColdQuotes+CoreDataProperties.swift"; sourceTree = "<group>"; };
		F701F8AC1BE6EC3E0088ECFB /* ColdQuotes.swift */ = {isa = PBXFileReference; fileEncoding = 4; lastKnownFileType = sourcecode.swift; path = ColdQuotes.swift; sourceTree = "<group>"; };
		F701F8AD1BE6EC3E0088ECFB /* HotQuotes+CoreDataProperties.swift */ = {isa = PBXFileReference; fileEncoding = 4; lastKnownFileType = sourcecode.swift; path = "HotQuotes+CoreDataProperties.swift"; sourceTree = "<group>"; };
		F701F8AE1BE6EC3E0088ECFB /* HotQuotes.swift */ = {isa = PBXFileReference; fileEncoding = 4; lastKnownFileType = sourcecode.swift; path = HotQuotes.swift; sourceTree = "<group>"; };
		F701F8B51BE6F8340088ECFB /* Hot.csv */ = {isa = PBXFileReference; fileEncoding = 4; lastKnownFileType = text; path = Hot.csv; sourceTree = "<group>"; };
		F701F8B71BE6FFE90088ECFB /* Cold.csv */ = {isa = PBXFileReference; fileEncoding = 4; lastKnownFileType = text; path = Cold.csv; sourceTree = "<group>"; };
		F74376BF1B863FD9004BBCC5 /* SearchTableViewController.swift */ = {isa = PBXFileReference; fileEncoding = 4; lastKnownFileType = sourcecode.swift; path = SearchTableViewController.swift; sourceTree = "<group>"; };
		F74376C31B86DCFA004BBCC5 /* YourCitiesTableViewController.swift */ = {isa = PBXFileReference; fileEncoding = 4; lastKnownFileType = sourcecode.swift; path = YourCitiesTableViewController.swift; sourceTree = "<group>"; };
		F7C872361BE6999A0036C37C /* YourCitiesViewController.swift */ = {isa = PBXFileReference; fileEncoding = 4; lastKnownFileType = sourcecode.swift; path = YourCitiesViewController.swift; sourceTree = "<group>"; };
		F7CAA5B91B97723E00FD748E /* DegreeLabel.swift */ = {isa = PBXFileReference; fileEncoding = 4; lastKnownFileType = sourcecode.swift; path = DegreeLabel.swift; sourceTree = "<group>"; };
		F7CB34371BA357B3004F6CC3 /* ContainerViewController.swift */ = {isa = PBXFileReference; fileEncoding = 4; lastKnownFileType = sourcecode.swift; path = ContainerViewController.swift; sourceTree = "<group>"; };
		F7CB343B1BA3E4D3004F6CC3 /* City.swift */ = {isa = PBXFileReference; fileEncoding = 4; lastKnownFileType = sourcecode.swift; path = City.swift; sourceTree = "<group>"; };
		F7CE13561B88F01A001E16FA /* ParentViewController.swift */ = {isa = PBXFileReference; fileEncoding = 4; lastKnownFileType = sourcecode.swift; path = ParentViewController.swift; sourceTree = "<group>"; };
		F7D1D1F61B82664200722A1C /* QuoteWeatherApp.app */ = {isa = PBXFileReference; explicitFileType = wrapper.application; includeInIndex = 0; path = QuoteWeatherApp.app; sourceTree = BUILT_PRODUCTS_DIR; };
		F7D1D1FA1B82664200722A1C /* Info.plist */ = {isa = PBXFileReference; lastKnownFileType = text.plist.xml; path = Info.plist; sourceTree = "<group>"; };
		F7D1D1FB1B82664200722A1C /* AppDelegate.swift */ = {isa = PBXFileReference; lastKnownFileType = sourcecode.swift; path = AppDelegate.swift; sourceTree = "<group>"; };
		F7D1D1FE1B82664200722A1C /* QuoteWeatherApp.xcdatamodel */ = {isa = PBXFileReference; lastKnownFileType = wrapper.xcdatamodel; path = QuoteWeatherApp.xcdatamodel; sourceTree = "<group>"; };
		F7D1D2001B82664200722A1C /* ViewController.swift */ = {isa = PBXFileReference; lastKnownFileType = sourcecode.swift; path = ViewController.swift; sourceTree = "<group>"; };
		F7D1D2031B82664200722A1C /* Base */ = {isa = PBXFileReference; lastKnownFileType = file.storyboard; name = Base; path = Base.lproj/Main.storyboard; sourceTree = "<group>"; };
		F7D1D2051B82664200722A1C /* Images.xcassets */ = {isa = PBXFileReference; lastKnownFileType = folder.assetcatalog; path = Images.xcassets; sourceTree = "<group>"; };
		F7D1D2081B82664200722A1C /* Base */ = {isa = PBXFileReference; lastKnownFileType = file.xib; name = Base; path = Base.lproj/LaunchScreen.xib; sourceTree = "<group>"; };
		F7D1D20E1B82664200722A1C /* QuoteWeatherAppTests.xctest */ = {isa = PBXFileReference; explicitFileType = wrapper.cfbundle; includeInIndex = 0; path = QuoteWeatherAppTests.xctest; sourceTree = BUILT_PRODUCTS_DIR; };
		F7D1D2131B82664200722A1C /* Info.plist */ = {isa = PBXFileReference; lastKnownFileType = text.plist.xml; path = Info.plist; sourceTree = "<group>"; };
		F7D1D2141B82664200722A1C /* QuoteWeatherAppTests.swift */ = {isa = PBXFileReference; lastKnownFileType = sourcecode.swift; path = QuoteWeatherAppTests.swift; sourceTree = "<group>"; };
		F7D1D2221B830BB700722A1C /* CityInfo.swift */ = {isa = PBXFileReference; fileEncoding = 4; lastKnownFileType = sourcecode.swift; path = CityInfo.swift; sourceTree = "<group>"; };
		F7EA21B61BE31EA4005312FA /* OpenWeatherCity.swift */ = {isa = PBXFileReference; fileEncoding = 4; lastKnownFileType = sourcecode.swift; path = OpenWeatherCity.swift; sourceTree = "<group>"; };
/* End PBXFileReference section */

/* Begin PBXFrameworksBuildPhase section */
		F7D1D1F31B82664200722A1C /* Frameworks */ = {
			isa = PBXFrameworksBuildPhase;
			buildActionMask = 2147483647;
			files = (
				B38F94F27B8FCEB02508BC70 /* Pods.framework in Frameworks */,
			);
			runOnlyForDeploymentPostprocessing = 0;
		};
		F7D1D20B1B82664200722A1C /* Frameworks */ = {
			isa = PBXFrameworksBuildPhase;
			buildActionMask = 2147483647;
			files = (
			);
			runOnlyForDeploymentPostprocessing = 0;
		};
/* End PBXFrameworksBuildPhase section */

/* Begin PBXGroup section */
		1CD41168F6E7F87C3697120A /* Pods */ = {
			isa = PBXGroup;
			children = (
				6F8C06DB8B670245A8990E33 /* Pods.debug.xcconfig */,
				C36D4B4AEF16CDC9EF675B9F /* Pods.release.xcconfig */,
			);
			name = Pods;
			sourceTree = "<group>";
		};
		29319921EF5B6C3D79FEEA7A /* Frameworks */ = {
			isa = PBXGroup;
			children = (
				3711F7B8CE8BA82B9BAC25F2 /* Pods.framework */,
			);
			name = Frameworks;
			sourceTree = "<group>";
		};
		F7CE13581B89224F001E16FA /* Controllers */ = {
			isa = PBXGroup;
			children = (
				F7C872361BE6999A0036C37C /* YourCitiesViewController.swift */,
				F7D1D2001B82664200722A1C /* ViewController.swift */,
				F7CE13561B88F01A001E16FA /* ParentViewController.swift */,
				F7CB34371BA357B3004F6CC3 /* ContainerViewController.swift */,
				F74376C31B86DCFA004BBCC5 /* YourCitiesTableViewController.swift */,
				F74376BF1B863FD9004BBCC5 /* SearchTableViewController.swift */,
				F7CAA5B91B97723E00FD748E /* DegreeLabel.swift */,
			);
			name = Controllers;
			sourceTree = "<group>";
		};
		F7CE13591B892258001E16FA /* Models */ = {
			isa = PBXGroup;
			children = (
				F701F8AB1BE6EC3E0088ECFB /* ColdQuotes+CoreDataProperties.swift */,
				F701F8AC1BE6EC3E0088ECFB /* ColdQuotes.swift */,
				F701F8AD1BE6EC3E0088ECFB /* HotQuotes+CoreDataProperties.swift */,
				F701F8AE1BE6EC3E0088ECFB /* HotQuotes.swift */,
				F7CB343B1BA3E4D3004F6CC3 /* City.swift */,
				F7D1D2221B830BB700722A1C /* CityInfo.swift */,
				F7EA21B61BE31EA4005312FA /* OpenWeatherCity.swift */,
			);
			name = Models;
			sourceTree = "<group>";
		};
		F7D1D1ED1B82664200722A1C = {
			isa = PBXGroup;
			children = (
				F7D1D1F81B82664200722A1C /* QuoteWeatherApp */,
				F7D1D2111B82664200722A1C /* QuoteWeatherAppTests */,
				F7D1D1F71B82664200722A1C /* Products */,
				1CD41168F6E7F87C3697120A /* Pods */,
				29319921EF5B6C3D79FEEA7A /* Frameworks */,
			);
			sourceTree = "<group>";
		};
		F7D1D1F71B82664200722A1C /* Products */ = {
			isa = PBXGroup;
			children = (
				F7D1D1F61B82664200722A1C /* QuoteWeatherApp.app */,
				F7D1D20E1B82664200722A1C /* QuoteWeatherAppTests.xctest */,
			);
			name = Products;
			sourceTree = "<group>";
		};
		F7D1D1F81B82664200722A1C /* QuoteWeatherApp */ = {
			isa = PBXGroup;
			children = (
				F7D1D1FB1B82664200722A1C /* AppDelegate.swift */,
				F7D1D2021B82664200722A1C /* Main.storyboard */,
				F7CE13581B89224F001E16FA /* Controllers */,
				F7CE13591B892258001E16FA /* Models */,
				F7D1D2051B82664200722A1C /* Images.xcassets */,
				F7D1D2071B82664200722A1C /* LaunchScreen.xib */,
				F7D1D1FD1B82664200722A1C /* QuoteWeatherApp.xcdatamodeld */,
				F701F8B71BE6FFE90088ECFB /* Cold.csv */,
				F701F8B51BE6F8340088ECFB /* Hot.csv */,
				F7D1D1F91B82664200722A1C /* Supporting Files */,
			);
			path = QuoteWeatherApp;
			sourceTree = "<group>";
		};
		F7D1D1F91B82664200722A1C /* Supporting Files */ = {
			isa = PBXGroup;
			children = (
				F7D1D1FA1B82664200722A1C /* Info.plist */,
			);
			name = "Supporting Files";
			sourceTree = "<group>";
		};
		F7D1D2111B82664200722A1C /* QuoteWeatherAppTests */ = {
			isa = PBXGroup;
			children = (
				F7D1D2141B82664200722A1C /* QuoteWeatherAppTests.swift */,
				F7D1D2121B82664200722A1C /* Supporting Files */,
			);
			path = QuoteWeatherAppTests;
			sourceTree = "<group>";
		};
		F7D1D2121B82664200722A1C /* Supporting Files */ = {
			isa = PBXGroup;
			children = (
				F7D1D2131B82664200722A1C /* Info.plist */,
			);
			name = "Supporting Files";
			sourceTree = "<group>";
		};
/* End PBXGroup section */

/* Begin PBXNativeTarget section */
		F7D1D1F51B82664200722A1C /* QuoteWeatherApp */ = {
			isa = PBXNativeTarget;
			buildConfigurationList = F7D1D2181B82664200722A1C /* Build configuration list for PBXNativeTarget "QuoteWeatherApp" */;
			buildPhases = (
				AF046EF629990FD879247146 /* Check Pods Manifest.lock */,
				F7D1D1F21B82664200722A1C /* Sources */,
				F7D1D1F31B82664200722A1C /* Frameworks */,
				F7D1D1F41B82664200722A1C /* Resources */,
				121C86E050F14E89E6B18B06 /* Embed Pods Frameworks */,
				A462B90F19CB4C2787AE9057 /* Copy Pods Resources */,
			);
			buildRules = (
			);
			dependencies = (
			);
			name = QuoteWeatherApp;
			productName = QuoteWeatherApp;
			productReference = F7D1D1F61B82664200722A1C /* QuoteWeatherApp.app */;
			productType = "com.apple.product-type.application";
		};
		F7D1D20D1B82664200722A1C /* QuoteWeatherAppTests */ = {
			isa = PBXNativeTarget;
			buildConfigurationList = F7D1D21B1B82664200722A1C /* Build configuration list for PBXNativeTarget "QuoteWeatherAppTests" */;
			buildPhases = (
				F7D1D20A1B82664200722A1C /* Sources */,
				F7D1D20B1B82664200722A1C /* Frameworks */,
				F7D1D20C1B82664200722A1C /* Resources */,
			);
			buildRules = (
			);
			dependencies = (
				F7D1D2101B82664200722A1C /* PBXTargetDependency */,
			);
			name = QuoteWeatherAppTests;
			productName = QuoteWeatherAppTests;
			productReference = F7D1D20E1B82664200722A1C /* QuoteWeatherAppTests.xctest */;
			productType = "com.apple.product-type.bundle.unit-test";
		};
/* End PBXNativeTarget section */

/* Begin PBXProject section */
		F7D1D1EE1B82664200722A1C /* Project object */ = {
			isa = PBXProject;
			attributes = {
				LastSwiftMigration = 0700;
				LastSwiftUpdateCheck = 0700;
				LastUpgradeCheck = 0700;
				ORGANIZATIONNAME = "Ryan  Gunn";
				TargetAttributes = {
					F7D1D1F51B82664200722A1C = {
						CreatedOnToolsVersion = 6.4;
						DevelopmentTeam = Z45ZUG2EW7;
					};
					F7D1D20D1B82664200722A1C = {
						CreatedOnToolsVersion = 6.4;
						TestTargetID = F7D1D1F51B82664200722A1C;
					};
				};
			};
			buildConfigurationList = F7D1D1F11B82664200722A1C /* Build configuration list for PBXProject "QuoteWeatherApp" */;
			compatibilityVersion = "Xcode 3.2";
			developmentRegion = English;
			hasScannedForEncodings = 0;
			knownRegions = (
				en,
				Base,
			);
			mainGroup = F7D1D1ED1B82664200722A1C;
			productRefGroup = F7D1D1F71B82664200722A1C /* Products */;
			projectDirPath = "";
			projectRoot = "";
			targets = (
				F7D1D1F51B82664200722A1C /* QuoteWeatherApp */,
				F7D1D20D1B82664200722A1C /* QuoteWeatherAppTests */,
			);
		};
/* End PBXProject section */

/* Begin PBXResourcesBuildPhase section */
		F7D1D1F41B82664200722A1C /* Resources */ = {
			isa = PBXResourcesBuildPhase;
			buildActionMask = 2147483647;
			files = (
				F7D1D2041B82664200722A1C /* Main.storyboard in Resources */,
				F701F8B61BE6F8340088ECFB /* Hot.csv in Resources */,
				F7D1D2091B82664200722A1C /* LaunchScreen.xib in Resources */,
				F701F8B81BE6FFE90088ECFB /* Cold.csv in Resources */,
				F7D1D2061B82664200722A1C /* Images.xcassets in Resources */,
			);
			runOnlyForDeploymentPostprocessing = 0;
		};
		F7D1D20C1B82664200722A1C /* Resources */ = {
			isa = PBXResourcesBuildPhase;
			buildActionMask = 2147483647;
			files = (
			);
			runOnlyForDeploymentPostprocessing = 0;
		};
/* End PBXResourcesBuildPhase section */

/* Begin PBXShellScriptBuildPhase section */
		121C86E050F14E89E6B18B06 /* Embed Pods Frameworks */ = {
			isa = PBXShellScriptBuildPhase;
			buildActionMask = 2147483647;
			files = (
			);
			inputPaths = (
			);
			name = "Embed Pods Frameworks";
			outputPaths = (
			);
			runOnlyForDeploymentPostprocessing = 0;
			shellPath = /bin/sh;
			shellScript = "\"${SRCROOT}/Pods/Target Support Files/Pods/Pods-frameworks.sh\"\n";
			showEnvVarsInLog = 0;
		};
		A462B90F19CB4C2787AE9057 /* Copy Pods Resources */ = {
			isa = PBXShellScriptBuildPhase;
			buildActionMask = 2147483647;
			files = (
			);
			inputPaths = (
			);
			name = "Copy Pods Resources";
			outputPaths = (
			);
			runOnlyForDeploymentPostprocessing = 0;
			shellPath = /bin/sh;
			shellScript = "\"${SRCROOT}/Pods/Target Support Files/Pods/Pods-resources.sh\"\n";
			showEnvVarsInLog = 0;
		};
		AF046EF629990FD879247146 /* Check Pods Manifest.lock */ = {
			isa = PBXShellScriptBuildPhase;
			buildActionMask = 2147483647;
			files = (
			);
			inputPaths = (
			);
			name = "Check Pods Manifest.lock";
			outputPaths = (
			);
			runOnlyForDeploymentPostprocessing = 0;
			shellPath = /bin/sh;
			shellScript = "diff \"${PODS_ROOT}/../Podfile.lock\" \"${PODS_ROOT}/Manifest.lock\" > /dev/null\nif [[ $? != 0 ]] ; then\n    cat << EOM\nerror: The sandbox is not in sync with the Podfile.lock. Run 'pod install' or update your CocoaPods installation.\nEOM\n    exit 1\nfi\n";
			showEnvVarsInLog = 0;
		};
/* End PBXShellScriptBuildPhase section */

/* Begin PBXSourcesBuildPhase section */
		F7D1D1F21B82664200722A1C /* Sources */ = {
			isa = PBXSourcesBuildPhase;
			buildActionMask = 2147483647;
			files = (
				F701F8B11BE6EC3E0088ECFB /* HotQuotes+CoreDataProperties.swift in Sources */,
				F7D1D2011B82664200722A1C /* ViewController.swift in Sources */,
				F74376C01B863FD9004BBCC5 /* SearchTableViewController.swift in Sources */,
				F701F8B01BE6EC3E0088ECFB /* ColdQuotes.swift in Sources */,
				F7CB34381BA357B3004F6CC3 /* ContainerViewController.swift in Sources */,
				F7D1D2231B830BB700722A1C /* CityInfo.swift in Sources */,
				F701F8B21BE6EC3E0088ECFB /* HotQuotes.swift in Sources */,
				F7D1D1FC1B82664200722A1C /* AppDelegate.swift in Sources */,
				F701F8AF1BE6EC3E0088ECFB /* ColdQuotes+CoreDataProperties.swift in Sources */,
				F74376C41B86DCFA004BBCC5 /* YourCitiesTableViewController.swift in Sources */,
				F7EA21B71BE31EA4005312FA /* OpenWeatherCity.swift in Sources */,
				F7CB343C1BA3E4D3004F6CC3 /* City.swift in Sources */,
				F7C872371BE6999A0036C37C /* YourCitiesViewController.swift in Sources */,
				F7CE13571B88F01A001E16FA /* ParentViewController.swift in Sources */,
				F7CAA5BA1B97723E00FD748E /* DegreeLabel.swift in Sources */,
				F7D1D1FF1B82664200722A1C /* QuoteWeatherApp.xcdatamodeld in Sources */,
			);
			runOnlyForDeploymentPostprocessing = 0;
		};
		F7D1D20A1B82664200722A1C /* Sources */ = {
			isa = PBXSourcesBuildPhase;
			buildActionMask = 2147483647;
			files = (
				F7D1D2151B82664200722A1C /* QuoteWeatherAppTests.swift in Sources */,
			);
			runOnlyForDeploymentPostprocessing = 0;
		};
/* End PBXSourcesBuildPhase section */

/* Begin PBXTargetDependency section */
		F7D1D2101B82664200722A1C /* PBXTargetDependency */ = {
			isa = PBXTargetDependency;
			target = F7D1D1F51B82664200722A1C /* QuoteWeatherApp */;
			targetProxy = F7D1D20F1B82664200722A1C /* PBXContainerItemProxy */;
		};
/* End PBXTargetDependency section */

/* Begin PBXVariantGroup section */
		F7D1D2021B82664200722A1C /* Main.storyboard */ = {
			isa = PBXVariantGroup;
			children = (
				F7D1D2031B82664200722A1C /* Base */,
			);
			name = Main.storyboard;
			sourceTree = "<group>";
		};
		F7D1D2071B82664200722A1C /* LaunchScreen.xib */ = {
			isa = PBXVariantGroup;
			children = (
				F7D1D2081B82664200722A1C /* Base */,
			);
			name = LaunchScreen.xib;
			sourceTree = "<group>";
		};
/* End PBXVariantGroup section */

/* Begin XCBuildConfiguration section */
		F7D1D2161B82664200722A1C /* Debug */ = {
			isa = XCBuildConfiguration;
			buildSettings = {
				ALWAYS_SEARCH_USER_PATHS = NO;
				CLANG_CXX_LANGUAGE_STANDARD = "gnu++0x";
				CLANG_CXX_LIBRARY = "libc++";
				CLANG_ENABLE_MODULES = YES;
				CLANG_ENABLE_OBJC_ARC = YES;
				CLANG_WARN_BOOL_CONVERSION = YES;
				CLANG_WARN_CONSTANT_CONVERSION = YES;
				CLANG_WARN_DIRECT_OBJC_ISA_USAGE = YES_ERROR;
				CLANG_WARN_EMPTY_BODY = YES;
				CLANG_WARN_ENUM_CONVERSION = YES;
				CLANG_WARN_INT_CONVERSION = YES;
				CLANG_WARN_OBJC_ROOT_CLASS = YES_ERROR;
				CLANG_WARN_UNREACHABLE_CODE = YES;
				CLANG_WARN__DUPLICATE_METHOD_MATCH = YES;
				"CODE_SIGN_IDENTITY[sdk=iphoneos*]" = "iPhone Developer";
				COPY_PHASE_STRIP = NO;
				DEBUG_INFORMATION_FORMAT = "dwarf-with-dsym";
				ENABLE_STRICT_OBJC_MSGSEND = YES;
				ENABLE_TESTABILITY = YES;
				GCC_C_LANGUAGE_STANDARD = gnu99;
				GCC_DYNAMIC_NO_PIC = NO;
				GCC_NO_COMMON_BLOCKS = YES;
				GCC_OPTIMIZATION_LEVEL = 0;
				GCC_PREPROCESSOR_DEFINITIONS = (
					"DEBUG=1",
					"$(inherited)",
				);
				GCC_SYMBOLS_PRIVATE_EXTERN = NO;
				GCC_WARN_64_TO_32_BIT_CONVERSION = YES;
				GCC_WARN_ABOUT_RETURN_TYPE = YES_ERROR;
				GCC_WARN_UNDECLARED_SELECTOR = YES;
				GCC_WARN_UNINITIALIZED_AUTOS = YES_AGGRESSIVE;
				GCC_WARN_UNUSED_FUNCTION = YES;
				GCC_WARN_UNUSED_VARIABLE = YES;
				IPHONEOS_DEPLOYMENT_TARGET = 9.0;
				MTL_ENABLE_DEBUG_INFO = YES;
				ONLY_ACTIVE_ARCH = YES;
				SDKROOT = iphoneos;
				SWIFT_OPTIMIZATION_LEVEL = "-Onone";
			};
			name = Debug;
		};
		F7D1D2171B82664200722A1C /* Release */ = {
			isa = XCBuildConfiguration;
			buildSettings = {
				ALWAYS_SEARCH_USER_PATHS = NO;
				CLANG_CXX_LANGUAGE_STANDARD = "gnu++0x";
				CLANG_CXX_LIBRARY = "libc++";
				CLANG_ENABLE_MODULES = YES;
				CLANG_ENABLE_OBJC_ARC = YES;
				CLANG_WARN_BOOL_CONVERSION = YES;
				CLANG_WARN_CONSTANT_CONVERSION = YES;
				CLANG_WARN_DIRECT_OBJC_ISA_USAGE = YES_ERROR;
				CLANG_WARN_EMPTY_BODY = YES;
				CLANG_WARN_ENUM_CONVERSION = YES;
				CLANG_WARN_INT_CONVERSION = YES;
				CLANG_WARN_OBJC_ROOT_CLASS = YES_ERROR;
				CLANG_WARN_UNREACHABLE_CODE = YES;
				CLANG_WARN__DUPLICATE_METHOD_MATCH = YES;
				"CODE_SIGN_IDENTITY[sdk=iphoneos*]" = "iPhone Developer";
				COPY_PHASE_STRIP = NO;
				DEBUG_INFORMATION_FORMAT = "dwarf-with-dsym";
				ENABLE_NS_ASSERTIONS = NO;
				ENABLE_STRICT_OBJC_MSGSEND = YES;
				GCC_C_LANGUAGE_STANDARD = gnu99;
				GCC_NO_COMMON_BLOCKS = YES;
				GCC_WARN_64_TO_32_BIT_CONVERSION = YES;
				GCC_WARN_ABOUT_RETURN_TYPE = YES_ERROR;
				GCC_WARN_UNDECLARED_SELECTOR = YES;
				GCC_WARN_UNINITIALIZED_AUTOS = YES_AGGRESSIVE;
				GCC_WARN_UNUSED_FUNCTION = YES;
				GCC_WARN_UNUSED_VARIABLE = YES;
				IPHONEOS_DEPLOYMENT_TARGET = 9.0;
				MTL_ENABLE_DEBUG_INFO = NO;
				SDKROOT = iphoneos;
				VALIDATE_PRODUCT = YES;
			};
			name = Release;
		};
		F7D1D2191B82664200722A1C /* Debug */ = {
			isa = XCBuildConfiguration;
			baseConfigurationReference = 6F8C06DB8B670245A8990E33 /* Pods.debug.xcconfig */;
			buildSettings = {
				ASSETCATALOG_COMPILER_APPICON_NAME = AppIcon;
				CODE_SIGN_IDENTITY = "iPhone Developer";
				INFOPLIST_FILE = QuoteWeatherApp/Info.plist;
				LD_RUNPATH_SEARCH_PATHS = "$(inherited) @executable_path/Frameworks";
				PRODUCT_BUNDLE_IDENTIFIER = "Ryan-Gunn.$(PRODUCT_NAME:rfc1034identifier)";
				PRODUCT_NAME = "$(TARGET_NAME)";
			};
			name = Debug;
		};
		F7D1D21A1B82664200722A1C /* Release */ = {
			isa = XCBuildConfiguration;
			baseConfigurationReference = C36D4B4AEF16CDC9EF675B9F /* Pods.release.xcconfig */;
			buildSettings = {
				ASSETCATALOG_COMPILER_APPICON_NAME = AppIcon;
				CODE_SIGN_IDENTITY = "iPhone Developer";
				INFOPLIST_FILE = QuoteWeatherApp/Info.plist;
				LD_RUNPATH_SEARCH_PATHS = "$(inherited) @executable_path/Frameworks";
				PRODUCT_BUNDLE_IDENTIFIER = "Ryan-Gunn.$(PRODUCT_NAME:rfc1034identifier)";
				PRODUCT_NAME = "$(TARGET_NAME)";
			};
			name = Release;
		};
		F7D1D21C1B82664200722A1C /* Debug */ = {
			isa = XCBuildConfiguration;
			buildSettings = {
				BUNDLE_LOADER = "$(TEST_HOST)";
				FRAMEWORK_SEARCH_PATHS = (
					"$(SDKROOT)/Developer/Library/Frameworks",
					"$(inherited)",
				);
				GCC_PREPROCESSOR_DEFINITIONS = (
					"DEBUG=1",
					"$(inherited)",
				);
				INFOPLIST_FILE = QuoteWeatherAppTests/Info.plist;
				LD_RUNPATH_SEARCH_PATHS = "$(inherited) @executable_path/Frameworks @loader_path/Frameworks";
				PRODUCT_BUNDLE_IDENTIFIER = "Ryan-Gunn.$(PRODUCT_NAME:rfc1034identifier)";
				PRODUCT_NAME = "$(TARGET_NAME)";
				TEST_HOST = "$(BUILT_PRODUCTS_DIR)/QuoteWeatherApp.app/QuoteWeatherApp";
			};
			name = Debug;
		};
		F7D1D21D1B82664200722A1C /* Release */ = {
			isa = XCBuildConfiguration;
			buildSettings = {
				BUNDLE_LOADER = "$(TEST_HOST)";
				FRAMEWORK_SEARCH_PATHS = (
					"$(SDKROOT)/Developer/Library/Frameworks",
					"$(inherited)",
				);
				INFOPLIST_FILE = QuoteWeatherAppTests/Info.plist;
				LD_RUNPATH_SEARCH_PATHS = "$(inherited) @executable_path/Frameworks @loader_path/Frameworks";
				PRODUCT_BUNDLE_IDENTIFIER = "Ryan-Gunn.$(PRODUCT_NAME:rfc1034identifier)";
				PRODUCT_NAME = "$(TARGET_NAME)";
				TEST_HOST = "$(BUILT_PRODUCTS_DIR)/QuoteWeatherApp.app/QuoteWeatherApp";
			};
			name = Release;
		};
/* End XCBuildConfiguration section */

/* Begin XCConfigurationList section */
		F7D1D1F11B82664200722A1C /* Build configuration list for PBXProject "QuoteWeatherApp" */ = {
			isa = XCConfigurationList;
			buildConfigurations = (
				F7D1D2161B82664200722A1C /* Debug */,
				F7D1D2171B82664200722A1C /* Release */,
			);
			defaultConfigurationIsVisible = 0;
			defaultConfigurationName = Release;
		};
		F7D1D2181B82664200722A1C /* Build configuration list for PBXNativeTarget "QuoteWeatherApp" */ = {
			isa = XCConfigurationList;
			buildConfigurations = (
				F7D1D2191B82664200722A1C /* Debug */,
				F7D1D21A1B82664200722A1C /* Release */,
			);
			defaultConfigurationIsVisible = 0;
			defaultConfigurationName = Release;
		};
		F7D1D21B1B82664200722A1C /* Build configuration list for PBXNativeTarget "QuoteWeatherAppTests" */ = {
			isa = XCConfigurationList;
			buildConfigurations = (
				F7D1D21C1B82664200722A1C /* Debug */,
				F7D1D21D1B82664200722A1C /* Release */,
			);
			defaultConfigurationIsVisible = 0;
			defaultConfigurationName = Release;
		};
/* End XCConfigurationList section */

/* Begin XCVersionGroup section */
		F7D1D1FD1B82664200722A1C /* QuoteWeatherApp.xcdatamodeld */ = {
			isa = XCVersionGroup;
			children = (
				F7D1D1FE1B82664200722A1C /* QuoteWeatherApp.xcdatamodel */,
			);
			currentVersion = F7D1D1FE1B82664200722A1C /* QuoteWeatherApp.xcdatamodel */;
			path = QuoteWeatherApp.xcdatamodeld;
			sourceTree = "<group>";
			versionGroupType = wrapper.xcdatamodel;
		};
/* End XCVersionGroup section */
	};
	rootObject = F7D1D1EE1B82664200722A1C /* Project object */;
}
